
Microsoft Visual Studio Solution File, Format Version 12.00
Project("{FAE04EC0-301F-11D3-BF4B-00C04F79EFBC}") = "Yahtzee", "Yahtzee\Yahtzee.csproj", "{D34E2FA9-E202-48BF-8E12-18374E94905D}"
EndProject
Project("{FAE04EC0-301F-11D3-BF4B-00C04F79EFBC}") = "NeuralNetwork", "NeuralNetwork\NeuralNetwork.csproj", "{D40E789F-37F9-4780-98B8-25D740891E3B}"
EndProject
Global
	GlobalSection(SolutionConfigurationPlatforms) = preSolution
		Debug|Any CPU = Debug|Any CPU
		Release|Any CPU = Release|Any CPU
	EndGlobalSection
	GlobalSection(ProjectConfigurationPlatforms) = postSolution
		{D34E2FA9-E202-48BF-8E12-18374E94905D}.Debug|Any CPU.ActiveCfg = Debug|Any CPU
		{D34E2FA9-E202-48BF-8E12-18374E94905D}.Debug|Any CPU.Build.0 = Debug|Any CPU
		{D34E2FA9-E202-48BF-8E12-18374E94905D}.Release|Any CPU.ActiveCfg = Release|Any CPU
		{D34E2FA9-E202-48BF-8E12-18374E94905D}.Release|Any CPU.Build.0 = Release|Any CPU
		{D40E789F-37F9-4780-98B8-25D740891E3B}.Debug|Any CPU.ActiveCfg = Debug|Any CPU
		{D40E789F-37F9-4780-98B8-25D740891E3B}.Debug|Any CPU.Build.0 = Debug|Any CPU
		{D40E789F-37F9-4780-98B8-25D740891E3B}.Release|Any CPU.ActiveCfg = Release|Any CPU
		{D40E789F-37F9-4780-98B8-25D740891E3B}.Release|Any CPU.Build.0 = Release|Any CPU
	EndGlobalSection
EndGlobal
